// !$*UTF8*$!
{
	archiveVersion = 1;
	classes = {
	};
	objectVersion = 56;
	objects = {

/* Begin PBXBuildFile section */
		4D9EE6682AB9D85A005B7434 /* sodoku_solverApp.swift in Sources */ = {isa = PBXBuildFile; fileRef = 4D9EE6672AB9D85A005B7434 /* sodoku_solverApp.swift */; };
		4D9EE66A2AB9D85A005B7434 /* ContentView.swift in Sources */ = {isa = PBXBuildFile; fileRef = 4D9EE6692AB9D85A005B7434 /* ContentView.swift */; };
		4D9EE66C2AB9D85A005B7434 /* Assets.xcassets in Resources */ = {isa = PBXBuildFile; fileRef = 4D9EE66B2AB9D85A005B7434 /* Assets.xcassets */; };
		4D9EE6702AB9D85A005B7434 /* Preview Assets.xcassets in Resources */ = {isa = PBXBuildFile; fileRef = 4D9EE66F2AB9D85A005B7434 /* Preview Assets.xcassets */; };
		4D9EE67A2AB9D85B005B7434 /* sodoku_solverTests.swift in Sources */ = {isa = PBXBuildFile; fileRef = 4D9EE6792AB9D85B005B7434 /* sodoku_solverTests.swift */; };
		4D9EE6842AB9D85B005B7434 /* sodoku_solverUITests.swift in Sources */ = {isa = PBXBuildFile; fileRef = 4D9EE6832AB9D85B005B7434 /* sodoku_solverUITests.swift */; };
		4D9EE6862AB9D85B005B7434 /* sodoku_solverUITestsLaunchTests.swift in Sources */ = {isa = PBXBuildFile; fileRef = 4D9EE6852AB9D85B005B7434 /* sodoku_solverUITestsLaunchTests.swift */; };
/* End PBXBuildFile section */

/* Begin PBXContainerItemProxy section */
		4D9EE6762AB9D85B005B7434 /* PBXContainerItemProxy */ = {
			isa = PBXContainerItemProxy;
			containerPortal = 4D9EE65C2AB9D85A005B7434 /* Project object */;
			proxyType = 1;
			remoteGlobalIDString = 4D9EE6632AB9D85A005B7434;
			remoteInfo = "sodoku-solver";
		};
		4D9EE6802AB9D85B005B7434 /* PBXContainerItemProxy */ = {
			isa = PBXContainerItemProxy;
			containerPortal = 4D9EE65C2AB9D85A005B7434 /* Project object */;
			proxyType = 1;
			remoteGlobalIDString = 4D9EE6632AB9D85A005B7434;
			remoteInfo = "sodoku-solver";
		};
/* End PBXContainerItemProxy section */

/* Begin PBXFileReference section */
		4D9EE6642AB9D85A005B7434 /* sodoku-solver.app */ = {isa = PBXFileReference; explicitFileType = wrapper.application; includeInIndex = 0; path = "sodoku-solver.app"; sourceTree = BUILT_PRODUCTS_DIR; };
		4D9EE6672AB9D85A005B7434 /* sodoku_solverApp.swift */ = {isa = PBXFileReference; lastKnownFileType = sourcecode.swift; path = sodoku_solverApp.swift; sourceTree = "<group>"; };
		4D9EE6692AB9D85A005B7434 /* ContentView.swift */ = {isa = PBXFileReference; lastKnownFileType = sourcecode.swift; path = ContentView.swift; sourceTree = "<group>"; };
		4D9EE66B2AB9D85A005B7434 /* Assets.xcassets */ = {isa = PBXFileReference; lastKnownFileType = folder.assetcatalog; path = Assets.xcassets; sourceTree = "<group>"; };
		4D9EE66D2AB9D85A005B7434 /* sodoku_solver.entitlements */ = {isa = PBXFileReference; lastKnownFileType = text.plist.entitlements; path = sodoku_solver.entitlements; sourceTree = "<group>"; };
		4D9EE66F2AB9D85A005B7434 /* Preview Assets.xcassets */ = {isa = PBXFileReference; lastKnownFileType = folder.assetcatalog; path = "Preview Assets.xcassets"; sourceTree = "<group>"; };
		4D9EE6752AB9D85B005B7434 /* sodoku-solverTests.xctest */ = {isa = PBXFileReference; explicitFileType = wrapper.cfbundle; includeInIndex = 0; path = "sodoku-solverTests.xctest"; sourceTree = BUILT_PRODUCTS_DIR; };
		4D9EE6792AB9D85B005B7434 /* sodoku_solverTests.swift */ = {isa = PBXFileReference; lastKnownFileType = sourcecode.swift; path = sodoku_solverTests.swift; sourceTree = "<group>"; };
		4D9EE67F2AB9D85B005B7434 /* sodoku-solverUITests.xctest */ = {isa = PBXFileReference; explicitFileType = wrapper.cfbundle; includeInIndex = 0; path = "sodoku-solverUITests.xctest"; sourceTree = BUILT_PRODUCTS_DIR; };
		4D9EE6832AB9D85B005B7434 /* sodoku_solverUITests.swift */ = {isa = PBXFileReference; lastKnownFileType = sourcecode.swift; path = sodoku_solverUITests.swift; sourceTree = "<group>"; };
		4D9EE6852AB9D85B005B7434 /* sodoku_solverUITestsLaunchTests.swift */ = {isa = PBXFileReference; lastKnownFileType = sourcecode.swift; path = sodoku_solverUITestsLaunchTests.swift; sourceTree = "<group>"; };
/* End PBXFileReference section */

/* Begin PBXFrameworksBuildPhase section */
		4D9EE6612AB9D85A005B7434 /* Frameworks */ = {
			isa = PBXFrameworksBuildPhase;
			buildActionMask = 2147483647;
			files = (
			);
			runOnlyForDeploymentPostprocessing = 0;
		};
		4D9EE6722AB9D85B005B7434 /* Frameworks */ = {
			isa = PBXFrameworksBuildPhase;
			buildActionMask = 2147483647;
			files = (
			);
			runOnlyForDeploymentPostprocessing = 0;
		};
		4D9EE67C2AB9D85B005B7434 /* Frameworks */ = {
			isa = PBXFrameworksBuildPhase;
			buildActionMask = 2147483647;
			files = (
			);
			runOnlyForDeploymentPostprocessing = 0;
		};
/* End PBXFrameworksBuildPhase section */

/* Begin PBXGroup section */
		4D9EE65B2AB9D85A005B7434 = {
			isa = PBXGroup;
			children = (
				4D9EE6662AB9D85A005B7434 /* sodoku-solver */,
				4D9EE6782AB9D85B005B7434 /* sodoku-solverTests */,
				4D9EE6822AB9D85B005B7434 /* sodoku-solverUITests */,
				4D9EE6652AB9D85A005B7434 /* Products */,
			);
			sourceTree = "<group>";
		};
		4D9EE6652AB9D85A005B7434 /* Products */ = {
			isa = PBXGroup;
			children = (
				4D9EE6642AB9D85A005B7434 /* sodoku-solver.app */,
				4D9EE6752AB9D85B005B7434 /* sodoku-solverTests.xctest */,
				4D9EE67F2AB9D85B005B7434 /* sodoku-solverUITests.xctest */,
			);
			name = Products;
			sourceTree = "<group>";
		};
		4D9EE6662AB9D85A005B7434 /* sodoku-solver */ = {
			isa = PBXGroup;
			children = (
				4D9EE6672AB9D85A005B7434 /* sodoku_solverApp.swift */,
				4D9EE6692AB9D85A005B7434 /* ContentView.swift */,
				4D9EE66B2AB9D85A005B7434 /* Assets.xcassets */,
				4D9EE66D2AB9D85A005B7434 /* sodoku_solver.entitlements */,
				4D9EE66E2AB9D85A005B7434 /* Preview Content */,
			);
			path = "sodoku-solver";
			sourceTree = "<group>";
		};
		4D9EE66E2AB9D85A005B7434 /* Preview Content */ = {
			isa = PBXGroup;
			children = (
				4D9EE66F2AB9D85A005B7434 /* Preview Assets.xcassets */,
			);
			path = "Preview Content";
			sourceTree = "<group>";
		};
		4D9EE6782AB9D85B005B7434 /* sodoku-solverTests */ = {
			isa = PBXGroup;
			children = (
				4D9EE6792AB9D85B005B7434 /* sodoku_solverTests.swift */,
			);
			path = "sodoku-solverTests";
			sourceTree = "<group>";
		};
		4D9EE6822AB9D85B005B7434 /* sodoku-solverUITests */ = {
			isa = PBXGroup;
			children = (
				4D9EE6832AB9D85B005B7434 /* sodoku_solverUITests.swift */,
				4D9EE6852AB9D85B005B7434 /* sodoku_solverUITestsLaunchTests.swift */,
			);
			path = "sodoku-solverUITests";
			sourceTree = "<group>";
		};
/* End PBXGroup section */

/* Begin PBXNativeTarget section */
		4D9EE6632AB9D85A005B7434 /* sodoku-solver */ = {
			isa = PBXNativeTarget;
			buildConfigurationList = 4D9EE6892AB9D85B005B7434 /* Build configuration list for PBXNativeTarget "sodoku-solver" */;
			buildPhases = (
				4D9EE6602AB9D85A005B7434 /* Sources */,
				4D9EE6612AB9D85A005B7434 /* Frameworks */,
				4D9EE6622AB9D85A005B7434 /* Resources */,
			);
			buildRules = (
			);
			dependencies = (
			);
			name = "sodoku-solver";
			productName = "sodoku-solver";
			productReference = 4D9EE6642AB9D85A005B7434 /* sodoku-solver.app */;
			productType = "com.apple.product-type.application";
		};
		4D9EE6742AB9D85B005B7434 /* sodoku-solverTests */ = {
			isa = PBXNativeTarget;
			buildConfigurationList = 4D9EE68C2AB9D85B005B7434 /* Build configuration list for PBXNativeTarget "sodoku-solverTests" */;
			buildPhases = (
				4D9EE6712AB9D85B005B7434 /* Sources */,
				4D9EE6722AB9D85B005B7434 /* Frameworks */,
				4D9EE6732AB9D85B005B7434 /* Resources */,
			);
			buildRules = (
			);
			dependencies = (
				4D9EE6772AB9D85B005B7434 /* PBXTargetDependency */,
			);
			name = "sodoku-solverTests";
			productName = "sodoku-solverTests";
			productReference = 4D9EE6752AB9D85B005B7434 /* sodoku-solverTests.xctest */;
			productType = "com.apple.product-type.bundle.unit-test";
		};
		4D9EE67E2AB9D85B005B7434 /* sodoku-solverUITests */ = {
			isa = PBXNativeTarget;
			buildConfigurationList = 4D9EE68F2AB9D85B005B7434 /* Build configuration list for PBXNativeTarget "sodoku-solverUITests" */;
			buildPhases = (
				4D9EE67B2AB9D85B005B7434 /* Sources */,
				4D9EE67C2AB9D85B005B7434 /* Frameworks */,
				4D9EE67D2AB9D85B005B7434 /* Resources */,
			);
			buildRules = (
			);
			dependencies = (
				4D9EE6812AB9D85B005B7434 /* PBXTargetDependency */,
			);
			name = "sodoku-solverUITests";
			productName = "sodoku-solverUITests";
			productReference = 4D9EE67F2AB9D85B005B7434 /* sodoku-solverUITests.xctest */;
			productType = "com.apple.product-type.bundle.ui-testing";
		};
/* End PBXNativeTarget section */

/* Begin PBXProject section */
		4D9EE65C2AB9D85A005B7434 /* Project object */ = {
			isa = PBXProject;
			attributes = {
				BuildIndependentTargetsInParallel = 1;
				LastSwiftUpdateCheck = 1430;
				LastUpgradeCheck = 1430;
				TargetAttributes = {
					4D9EE6632AB9D85A005B7434 = {
						CreatedOnToolsVersion = 14.3.1;
					};
					4D9EE6742AB9D85B005B7434 = {
						CreatedOnToolsVersion = 14.3.1;
						TestTargetID = 4D9EE6632AB9D85A005B7434;
					};
					4D9EE67E2AB9D85B005B7434 = {
						CreatedOnToolsVersion = 14.3.1;
						TestTargetID = 4D9EE6632AB9D85A005B7434;
					};
				};
			};
			buildConfigurationList = 4D9EE65F2AB9D85A005B7434 /* Build configuration list for PBXProject "sodoku-solver" */;
			compatibilityVersion = "Xcode 14.0";
			developmentRegion = en;
			hasScannedForEncodings = 0;
			knownRegions = (
				en,
				Base,
			);
			mainGroup = 4D9EE65B2AB9D85A005B7434;
			productRefGroup = 4D9EE6652AB9D85A005B7434 /* Products */;
			projectDirPath = "";
			projectRoot = "";
			targets = (
				4D9EE6632AB9D85A005B7434 /* sodoku-solver */,
				4D9EE6742AB9D85B005B7434 /* sodoku-solverTests */,
				4D9EE67E2AB9D85B005B7434 /* sodoku-solverUITests */,
			);
		};
/* End PBXProject section */

/* Begin PBXResourcesBuildPhase section */
		4D9EE6622AB9D85A005B7434 /* Resources */ = {
			isa = PBXResourcesBuildPhase;
			buildActionMask = 2147483647;
			files = (
				4D9EE6702AB9D85A005B7434 /* Preview Assets.xcassets in Resources */,
				4D9EE66C2AB9D85A005B7434 /* Assets.xcassets in Resources */,
			);
			runOnlyForDeploymentPostprocessing = 0;
		};
		4D9EE6732AB9D85B005B7434 /* Resources */ = {
			isa = PBXResourcesBuildPhase;
			buildActionMask = 2147483647;
			files = (
			);
			runOnlyForDeploymentPostprocessing = 0;
		};
		4D9EE67D2AB9D85B005B7434 /* Resources */ = {
			isa = PBXResourcesBuildPhase;
			buildActionMask = 2147483647;
			files = (
			);
			runOnlyForDeploymentPostprocessing = 0;
		};
/* End PBXResourcesBuildPhase section */

/* Begin PBXSourcesBuildPhase section */
		4D9EE6602AB9D85A005B7434 /* Sources */ = {
			isa = PBXSourcesBuildPhase;
			buildActionMask = 2147483647;
			files = (
				4D9EE66A2AB9D85A005B7434 /* ContentView.swift in Sources */,
				4D9EE6682AB9D85A005B7434 /* sodoku_solverApp.swift in Sources */,
			);
			runOnlyForDeploymentPostprocessing = 0;
		};
		4D9EE6712AB9D85B005B7434 /* Sources */ = {
			isa = PBXSourcesBuildPhase;
			buildActionMask = 2147483647;
			files = (
				4D9EE67A2AB9D85B005B7434 /* sodoku_solverTests.swift in Sources */,
			);
			runOnlyForDeploymentPostprocessing = 0;
		};
		4D9EE67B2AB9D85B005B7434 /* Sources */ = {
			isa = PBXSourcesBuildPhase;
			buildActionMask = 2147483647;
			files = (
				4D9EE6862AB9D85B005B7434 /* sodoku_solverUITestsLaunchTests.swift in Sources */,
				4D9EE6842AB9D85B005B7434 /* sodoku_solverUITests.swift in Sources */,
			);
			runOnlyForDeploymentPostprocessing = 0;
		};
/* End PBXSourcesBuildPhase section */

/* Begin PBXTargetDependency section */
		4D9EE6772AB9D85B005B7434 /* PBXTargetDependency */ = {
			isa = PBXTargetDependency;
			target = 4D9EE6632AB9D85A005B7434 /* sodoku-solver */;
			targetProxy = 4D9EE6762AB9D85B005B7434 /* PBXContainerItemProxy */;
		};
		4D9EE6812AB9D85B005B7434 /* PBXTargetDependency */ = {
			isa = PBXTargetDependency;
			target = 4D9EE6632AB9D85A005B7434 /* sodoku-solver */;
			targetProxy = 4D9EE6802AB9D85B005B7434 /* PBXContainerItemProxy */;
		};
/* End PBXTargetDependency section */

/* Begin XCBuildConfiguration section */
		4D9EE6872AB9D85B005B7434 /* Debug */ = {
			isa = XCBuildConfiguration;
			buildSettings = {
				ALWAYS_SEARCH_USER_PATHS = NO;
				CLANG_ANALYZER_NONNULL = YES;
				CLANG_ANALYZER_NUMBER_OBJECT_CONVERSION = YES_AGGRESSIVE;
				CLANG_CXX_LANGUAGE_STANDARD = "gnu++20";
				CLANG_ENABLE_MODULES = YES;
				CLANG_ENABLE_OBJC_ARC = YES;
				CLANG_ENABLE_OBJC_WEAK = YES;
				CLANG_WARN_BLOCK_CAPTURE_AUTORELEASING = YES;
				CLANG_WARN_BOOL_CONVERSION = YES;
				CLANG_WARN_COMMA = YES;
				CLANG_WARN_CONSTANT_CONVERSION = YES;
				CLANG_WARN_DEPRECATED_OBJC_IMPLEMENTATIONS = YES;
				CLANG_WARN_DIRECT_OBJC_ISA_USAGE = YES_ERROR;
				CLANG_WARN_DOCUMENTATION_COMMENTS = YES;
				CLANG_WARN_EMPTY_BODY = YES;
				CLANG_WARN_ENUM_CONVERSION = YES;
				CLANG_WARN_INFINITE_RECURSION = YES;
				CLANG_WARN_INT_CONVERSION = YES;
				CLANG_WARN_NON_LITERAL_NULL_CONVERSION = YES;
				CLANG_WARN_OBJC_IMPLICIT_RETAIN_SELF = YES;
				CLANG_WARN_OBJC_LITERAL_CONVERSION = YES;
				CLANG_WARN_OBJC_ROOT_CLASS = YES_ERROR;
				CLANG_WARN_QUOTED_INCLUDE_IN_FRAMEWORK_HEADER = YES;
				CLANG_WARN_RANGE_LOOP_ANALYSIS = YES;
				CLANG_WARN_STRICT_PROTOTYPES = YES;
				CLANG_WARN_SUSPICIOUS_MOVE = YES;
				CLANG_WARN_UNGUARDED_AVAILABILITY = YES_AGGRESSIVE;
				CLANG_WARN_UNREACHABLE_CODE = YES;
				CLANG_WARN__DUPLICATE_METHOD_MATCH = YES;
				COPY_PHASE_STRIP = NO;
				DEBUG_INFORMATION_FORMAT = dwarf;
				ENABLE_STRICT_OBJC_MSGSEND = YES;
				ENABLE_TESTABILITY = YES;
				GCC_C_LANGUAGE_STANDARD = gnu11;
				GCC_DYNAMIC_NO_PIC = NO;
				GCC_NO_COMMON_BLOCKS = YES;
				GCC_OPTIMIZATION_LEVEL = 0;
				GCC_PREPROCESSOR_DEFINITIONS = (
					"DEBUG=1",
					"$(inherited)",
				);
				GCC_WARN_64_TO_32_BIT_CONVERSION = YES;
				GCC_WARN_ABOUT_RETURN_TYPE = YES_ERROR;
				GCC_WARN_UNDECLARED_SELECTOR = YES;
				GCC_WARN_UNINITIALIZED_AUTOS = YES_AGGRESSIVE;
				GCC_WARN_UNUSED_FUNCTION = YES;
				GCC_WARN_UNUSED_VARIABLE = YES;
				MTL_ENABLE_DEBUG_INFO = INCLUDE_SOURCE;
				MTL_FAST_MATH = YES;
				ONLY_ACTIVE_ARCH = YES;
				SWIFT_ACTIVE_COMPILATION_CONDITIONS = DEBUG;
				SWIFT_OPTIMIZATION_LEVEL = "-Onone";
			};
			name = Debug;
		};
		4D9EE6882AB9D85B005B7434 /* Release */ = {
			isa = XCBuildConfiguration;
			buildSettings = {
				ALWAYS_SEARCH_USER_PATHS = NO;
				CLANG_ANALYZER_NONNULL = YES;
				CLANG_ANALYZER_NUMBER_OBJECT_CONVERSION = YES_AGGRESSIVE;
				CLANG_CXX_LANGUAGE_STANDARD = "gnu++20";
				CLANG_ENABLE_MODULES = YES;
				CLANG_ENABLE_OBJC_ARC = YES;
				CLANG_ENABLE_OBJC_WEAK = YES;
				CLANG_WARN_BLOCK_CAPTURE_AUTORELEASING = YES;
				CLANG_WARN_BOOL_CONVERSION = YES;
				CLANG_WARN_COMMA = YES;
				CLANG_WARN_CONSTANT_CONVERSION = YES;
				CLANG_WARN_DEPRECATED_OBJC_IMPLEMENTATIONS = YES;
				CLANG_WARN_DIRECT_OBJC_ISA_USAGE = YES_ERROR;
				CLANG_WARN_DOCUMENTATION_COMMENTS = YES;
				CLANG_WARN_EMPTY_BODY = YES;
				CLANG_WARN_ENUM_CONVERSION = YES;
				CLANG_WARN_INFINITE_RECURSION = YES;
				CLANG_WARN_INT_CONVERSION = YES;
				CLANG_WARN_NON_LITERAL_NULL_CONVERSION = YES;
				CLANG_WARN_OBJC_IMPLICIT_RETAIN_SELF = YES;
				CLANG_WARN_OBJC_LITERAL_CONVERSION = YES;
				CLANG_WARN_OBJC_ROOT_CLASS = YES_ERROR;
				CLANG_WARN_QUOTED_INCLUDE_IN_FRAMEWORK_HEADER = YES;
				CLANG_WARN_RANGE_LOOP_ANALYSIS = YES;
				CLANG_WARN_STRICT_PROTOTYPES = YES;
				CLANG_WARN_SUSPICIOUS_MOVE = YES;
				CLANG_WARN_UNGUARDED_AVAILABILITY = YES_AGGRESSIVE;
				CLANG_WARN_UNREACHABLE_CODE = YES;
				CLANG_WARN__DUPLICATE_METHOD_MATCH = YES;
				COPY_PHASE_STRIP = NO;
				DEBUG_INFORMATION_FORMAT = "dwarf-with-dsym";
				ENABLE_NS_ASSERTIONS = NO;
				ENABLE_STRICT_OBJC_MSGSEND = YES;
				GCC_C_LANGUAGE_STANDARD = gnu11;
				GCC_NO_COMMON_BLOCKS = YES;
				GCC_WARN_64_TO_32_BIT_CONVERSION = YES;
				GCC_WARN_ABOUT_RETURN_TYPE = YES_ERROR;
				GCC_WARN_UNDECLARED_SELECTOR = YES;
				GCC_WARN_UNINITIALIZED_AUTOS = YES_AGGRESSIVE;
				GCC_WARN_UNUSED_FUNCTION = YES;
				GCC_WARN_UNUSED_VARIABLE = YES;
				MTL_ENABLE_DEBUG_INFO = NO;
				MTL_FAST_MATH = YES;
				SWIFT_COMPILATION_MODE = wholemodule;
				SWIFT_OPTIMIZATION_LEVEL = "-O";
			};
			name = Release;
		};
		4D9EE68A2AB9D85B005B7434 /* Debug */ = {
			isa = XCBuildConfiguration;
			buildSettings = {
				ASSETCATALOG_COMPILER_APPICON_NAME = AppIcon;
				ASSETCATALOG_COMPILER_GLOBAL_ACCENT_COLOR_NAME = AccentColor;
				CODE_SIGN_ENTITLEMENTS = "sodoku-solver/sodoku_solver.entitlements";
				CODE_SIGN_STYLE = Automatic;
				CURRENT_PROJECT_VERSION = 1;
				DEVELOPMENT_ASSET_PATHS = "\"sodoku-solver/Preview Content\"";
				ENABLE_PREVIEWS = YES;
				GENERATE_INFOPLIST_FILE = YES;
				"INFOPLIST_KEY_UIApplicationSceneManifest_Generation[sdk=iphoneos*]" = YES;
				"INFOPLIST_KEY_UIApplicationSceneManifest_Generation[sdk=iphonesimulator*]" = YES;
				"INFOPLIST_KEY_UIApplicationSupportsIndirectInputEvents[sdk=iphoneos*]" = YES;
				"INFOPLIST_KEY_UIApplicationSupportsIndirectInputEvents[sdk=iphonesimulator*]" = YES;
				"INFOPLIST_KEY_UILaunchScreen_Generation[sdk=iphoneos*]" = YES;
				"INFOPLIST_KEY_UILaunchScreen_Generation[sdk=iphonesimulator*]" = YES;
				"INFOPLIST_KEY_UIStatusBarStyle[sdk=iphoneos*]" = UIStatusBarStyleDefault;
				"INFOPLIST_KEY_UIStatusBarStyle[sdk=iphonesimulator*]" = UIStatusBarStyleDefault;
				INFOPLIST_KEY_UISupportedInterfaceOrientations_iPad = "UIInterfaceOrientationPortrait UIInterfaceOrientationPortraitUpsideDown UIInterfaceOrientationLandscapeLeft UIInterfaceOrientationLandscapeRight";
				INFOPLIST_KEY_UISupportedInterfaceOrientations_iPhone = "UIInterfaceOrientationPortrait UIInterfaceOrientationLandscapeLeft UIInterfaceOrientationLandscapeRight";
				IPHONEOS_DEPLOYMENT_TARGET = 16.4;
				LD_RUNPATH_SEARCH_PATHS = "@executable_path/Frameworks";
				"LD_RUNPATH_SEARCH_PATHS[sdk=macosx*]" = "@executable_path/../Frameworks";
				MACOSX_DEPLOYMENT_TARGET = 13.3;
				MARKETING_VERSION = 1.0;
				PRODUCT_BUNDLE_IDENTIFIER = "in.mcgook.sodoku-solver";
				PRODUCT_NAME = "$(TARGET_NAME)";
				SDKROOT = auto;
				SUPPORTED_PLATFORMS = "iphoneos iphonesimulator macosx";
				SWIFT_EMIT_LOC_STRINGS = YES;
				SWIFT_VERSION = 5.0;
				TARGETED_DEVICE_FAMILY = "1,2";
			};
			name = Debug;
		};
		4D9EE68B2AB9D85B005B7434 /* Release */ = {
			isa = XCBuildConfiguration;
			buildSettings = {
				ASSETCATALOG_COMPILER_APPICON_NAME = AppIcon;
				ASSETCATALOG_COMPILER_GLOBAL_ACCENT_COLOR_NAME = AccentColor;
				CODE_SIGN_ENTITLEMENTS = "sodoku-solver/sodoku_solver.entitlements";
				CODE_SIGN_STYLE = Automatic;
				CURRENT_PROJECT_VERSION = 1;
				DEVELOPMENT_ASSET_PATHS = "\"sodoku-solver/Preview Content\"";
				ENABLE_PREVIEWS = YES;
				GENERATE_INFOPLIST_FILE = YES;
				"INFOPLIST_KEY_UIApplicationSceneManifest_Generation[sdk=iphoneos*]" = YES;
				"INFOPLIST_KEY_UIApplicationSceneManifest_Generation[sdk=iphonesimulator*]" = YES;
				"INFOPLIST_KEY_UIApplicationSupportsIndirectInputEvents[sdk=iphoneos*]" = YES;
				"INFOPLIST_KEY_UIApplicationSupportsIndirectInputEvents[sdk=iphonesimulator*]" = YES;
				"INFOPLIST_KEY_UILaunchScreen_Generation[sdk=iphoneos*]" = YES;
				"INFOPLIST_KEY_UILaunchScreen_Generation[sdk=iphonesimulator*]" = YES;
				"INFOPLIST_KEY_UIStatusBarStyle[sdk=iphoneos*]" = UIStatusBarStyleDefault;
				"INFOPLIST_KEY_UIStatusBarStyle[sdk=iphonesimulator*]" = UIStatusBarStyleDefault;
				INFOPLIST_KEY_UISupportedInterfaceOrientations_iPad = "UIInterfaceOrientationPortrait UIInterfaceOrientationPortraitUpsideDown UIInterfaceOrientationLandscapeLeft UIInterfaceOrientationLandscapeRight";
				INFOPLIST_KEY_UISupportedInterfaceOrientations_iPhone = "UIInterfaceOrientationPortrait UIInterfaceOrientationLandscapeLeft UIInterfaceOrientationLandscapeRight";
				IPHONEOS_DEPLOYMENT_TARGET = 16.4;
				LD_RUNPATH_SEARCH_PATHS = "@executable_path/Frameworks";
				"LD_RUNPATH_SEARCH_PATHS[sdk=macosx*]" = "@executable_path/../Frameworks";
				MACOSX_DEPLOYMENT_TARGET = 13.3;
				MARKETING_VERSION = 1.0;
				PRODUCT_BUNDLE_IDENTIFIER = "in.mcgook.sodoku-solver";
				PRODUCT_NAME = "$(TARGET_NAME)";
				SDKROOT = auto;
				SUPPORTED_PLATFORMS = "iphoneos iphonesimulator macosx";
				SWIFT_EMIT_LOC_STRINGS = YES;
				SWIFT_VERSION = 5.0;
				TARGETED_DEVICE_FAMILY = "1,2";
			};
			name = Release;
		};
		4D9EE68D2AB9D85B005B7434 /* Debug */ = {
			isa = XCBuildConfiguration;
			buildSettings = {
				ALWAYS_EMBED_SWIFT_STANDARD_LIBRARIES = YES;
				BUNDLE_LOADER = "$(TEST_HOST)";
				CODE_SIGN_STYLE = Automatic;
				CURRENT_PROJECT_VERSION = 1;
				GENERATE_INFOPLIST_FILE = YES;
				IPHONEOS_DEPLOYMENT_TARGET = 16.4;
				MACOSX_DEPLOYMENT_TARGET = 13.3;
				MARKETING_VERSION = 1.0;
				PRODUCT_BUNDLE_IDENTIFIER = "in.mcgook.sodoku-solverTests";
				PRODUCT_NAME = "$(TARGET_NAME)";
				SDKROOT = auto;
				SUPPORTED_PLATFORMS = "iphoneos iphonesimulator macosx";
				SWIFT_EMIT_LOC_STRINGS = NO;
				SWIFT_VERSION = 5.0;
				TARGETED_DEVICE_FAMILY = "1,2";
				TEST_HOST = "$(BUILT_PRODUCTS_DIR)/sodoku-solver.app/$(BUNDLE_EXECUTABLE_FOLDER_PATH)/sodoku-solver";
			};
			name = Debug;
		};
		4D9EE68E2AB9D85B005B7434 /* Release */ = {
			isa = XCBuildConfiguration;
			buildSettings = {
				ALWAYS_EMBED_SWIFT_STANDARD_LIBRARIES = YES;
				BUNDLE_LOADER = "$(TEST_HOST)";
				CODE_SIGN_STYLE = Automatic;
				CURRENT_PROJECT_VERSION = 1;
				GENERATE_INFOPLIST_FILE = YES;
				IPHONEOS_DEPLOYMENT_TARGET = 16.4;
				MACOSX_DEPLOYMENT_TARGET = 13.3;
				MARKETING_VERSION = 1.0;
				PRODUCT_BUNDLE_IDENTIFIER = "in.mcgook.sodoku-solverTests";
				PRODUCT_NAME = "$(TARGET_NAME)";
				SDKROOT = auto;
				SUPPORTED_PLATFORMS = "iphoneos iphonesimulator macosx";
				SWIFT_EMIT_LOC_STRINGS = NO;
				SWIFT_VERSION = 5.0;
				TARGETED_DEVICE_FAMILY = "1,2";
				TEST_HOST = "$(BUILT_PRODUCTS_DIR)/sodoku-solver.app/$(BUNDLE_EXECUTABLE_FOLDER_PATH)/sodoku-solver";
			};
			name = Release;
		};
		4D9EE6902AB9D85B005B7434 /* Debug */ = {
			isa = XCBuildConfiguration;
			buildSettings = {
				ALWAYS_EMBED_SWIFT_STANDARD_LIBRARIES = YES;
				CODE_SIGN_STYLE = Automatic;
				CURRENT_PROJECT_VERSION = 1;
				GENERATE_INFOPLIST_FILE = YES;
				IPHONEOS_DEPLOYMENT_TARGET = 16.4;
				MACOSX_DEPLOYMENT_TARGET = 13.3;
				MARKETING_VERSION = 1.0;
				PRODUCT_BUNDLE_IDENTIFIER = "in.mcgook.sodoku-solverUITests";
				PRODUCT_NAME = "$(TARGET_NAME)";
				SDKROOT = auto;
				SUPPORTED_PLATFORMS = "iphoneos iphonesimulator macosx";
				SWIFT_EMIT_LOC_STRINGS = NO;
				SWIFT_VERSION = 5.0;
				TARGETED_DEVICE_FAMILY = "1,2";
				TEST_TARGET_NAME = "sodoku-solver";
			};
			name = Debug;
		};
		4D9EE6912AB9D85B005B7434 /* Release */ = {
			isa = XCBuildConfiguration;
			buildSettings = {
				ALWAYS_EMBED_SWIFT_STANDARD_LIBRARIES = YES;
				CODE_SIGN_STYLE = Automatic;
				CURRENT_PROJECT_VERSION = 1;
				GENERATE_INFOPLIST_FILE = YES;
				IPHONEOS_DEPLOYMENT_TARGET = 16.4;
				MACOSX_DEPLOYMENT_TARGET = 13.3;
				MARKETING_VERSION = 1.0;
				PRODUCT_BUNDLE_IDENTIFIER = "in.mcgook.sodoku-solverUITests";
				PRODUCT_NAME = "$(TARGET_NAME)";
				SDKROOT = auto;
				SUPPORTED_PLATFORMS = "iphoneos iphonesimulator macosx";
				SWIFT_EMIT_LOC_STRINGS = NO;
				SWIFT_VERSION = 5.0;
				TARGETED_DEVICE_FAMILY = "1,2";
				TEST_TARGET_NAME = "sodoku-solver";
			};
			name = Release;
		};
/* End XCBuildConfiguration section */

/* Begin XCConfigurationList section */
		4D9EE65F2AB9D85A005B7434 /* Build configuration list for PBXProject "sodoku-solver" */ = {
			isa = XCConfigurationList;
			buildConfigurations = (
				4D9EE6872AB9D85B005B7434 /* Debug */,
				4D9EE6882AB9D85B005B7434 /* Release */,
			);
			defaultConfigurationIsVisible = 0;
			defaultConfigurationName = Release;
		};
		4D9EE6892AB9D85B005B7434 /* Build configuration list for PBXNativeTarget "sodoku-solver" */ = {
			isa = XCConfigurationList;
			buildConfigurations = (
				4D9EE68A2AB9D85B005B7434 /* Debug */,
				4D9EE68B2AB9D85B005B7434 /* Release */,
			);
			defaultConfigurationIsVisible = 0;
			defaultConfigurationName = Release;
		};
		4D9EE68C2AB9D85B005B7434 /* Build configuration list for PBXNativeTarget "sodoku-solverTests" */ = {
			isa = XCConfigurationList;
			buildConfigurations = (
				4D9EE68D2AB9D85B005B7434 /* Debug */,
				4D9EE68E2AB9D85B005B7434 /* Release */,
			);
			defaultConfigurationIsVisible = 0;
			defaultConfigurationName = Release;
		};
		4D9EE68F2AB9D85B005B7434 /* Build configuration list for PBXNativeTarget "sodoku-solverUITests" */ = {
			isa = XCConfigurationList;
			buildConfigurations = (
				4D9EE6902AB9D85B005B7434 /* Debug */,
				4D9EE6912AB9D85B005B7434 /* Release */,
			);
			defaultConfigurationIsVisible = 0;
			defaultConfigurationName = Release;
		};
/* End XCConfigurationList section */
	};
	rootObject = 4D9EE65C2AB9D85A005B7434 /* Project object */;
}
